
Microsoft Visual Studio Solution File, Format Version 12.00
# Visual Studio Version 16
VisualStudioVersion = 16.0.31911.196
MinimumVisualStudioVersion = 10.0.40219.1
Project("{FAE04EC0-301F-11D3-BF4B-00C04F79EFBC}") = "de.swk.aoc-2021", "de.swk.aoc-2021\de.swk.aoc-2021.csproj", "{5B8C8F0B-33D0-403E-8FCF-5B0C9B7F4982}"
EndProject
Global
	GlobalSection(SolutionConfigurationPlatforms) = preSolution
		Debug|Any CPU = Debug|Any CPU
		Release|Any CPU = Release|Any CPU
	EndGlobalSection
	GlobalSection(ProjectConfigurationPlatforms) = postSolution
		{5B8C8F0B-33D0-403E-8FCF-5B0C9B7F4982}.Debug|Any CPU.ActiveCfg = Debug|Any CPU
		{5B8C8F0B-33D0-403E-8FCF-5B0C9B7F4982}.Debug|Any CPU.Build.0 = Debug|Any CPU
		{5B8C8F0B-33D0-403E-8FCF-5B0C9B7F4982}.Release|Any CPU.ActiveCfg = Release|Any CPU
		{5B8C8F0B-33D0-403E-8FCF-5B0C9B7F4982}.Release|Any CPU.Build.0 = Release|Any CPU
	EndGlobalSection
	GlobalSection(SolutionProperties) = preSolution
		HideSolutionNode = FALSE
	EndGlobalSection
	GlobalSection(ExtensibilityGlobals) = postSolution
		SolutionGuid = {BBBFB88E-8B54-400D-A985-B36607BECE26}
	EndGlobalSection
EndGlobal
